<?xml version="1.0" encoding="utf-8"?>
<Project ToolsVersion="4.0" xmlns="http://schemas.microsoft.com/developer/msbuild/2003">
  <ItemGroup>
    <Filter Include="소스 파일">
      <UniqueIdentifier>{4FC737F1-C7A5-4376-A066-2A32D752A2FF}</UniqueIdentifier>
      <Extensions>cpp;c;cc;cxx;c++;cppm;ixx;def;odl;idl;hpj;bat;asm;asmx</Extensions>
    </Filter>
    <Filter Include="헤더 파일">
      <UniqueIdentifier>{93995380-89BD-4b04-88EB-625FBE52EBFB}</UniqueIdentifier>
      <Extensions>h;hh;hpp;hxx;h++;hm;inl;inc;ipp;xsd</Extensions>
    </Filter>
    <Filter Include="리소스 파일">
      <UniqueIdentifier>{67DA6AB6-F800-4c08-8B7A-83BB121AAD01}</UniqueIdentifier>
      <Extensions>rc;ico;cur;bmp;dlg;rc2;rct;bin;rgs;gif;jpg;jpeg;jpe;resx;tiff;tif;png;wav;mfcribbon-ms</Extensions>
    </Filter>
    <Filter Include="소스 파일\0309">
      <UniqueIdentifier>{3132a438-245e-4a9a-b3f8-db9420470bc5}</UniqueIdentifier>
    </Filter>
    <Filter Include="소스 파일\0314">
      <UniqueIdentifier>{b6b27aaf-492c-42e4-a524-72a159f09efa}</UniqueIdentifier>
    </Filter>
    <Filter Include="소스 파일\0316">
      <UniqueIdentifier>{845e571c-7320-4767-8e7a-e4e965230e27}</UniqueIdentifier>
    </Filter>
  </ItemGroup>
  <ItemGroup>
    <ClCompile Include="helloCV.cpp">
      <Filter>소스 파일</Filter>
    </ClCompile>
    <ClCompile Include="0309.cpp">
      <Filter>소스 파일\0309</Filter>
    </ClCompile>
    <ClCompile Include="0309_실습1.cpp">
      <Filter>소스 파일\0309</Filter>
    </ClCompile>
    <ClCompile Include="0309_실습2.cpp">
      <Filter>소스 파일\0309</Filter>
    </ClCompile>
    <ClCompile Include="0309_실습3.cpp">
      <Filter>소스 파일\0309</Filter>
    </ClCompile>
    <ClCompile Include="0314.cpp">
      <Filter>소스 파일\0314</Filter>
    </ClCompile>
    <ClCompile Include="0314-실습1.cpp">
      <Filter>소스 파일\0314</Filter>
    </ClCompile>
    <ClCompile Include="0314-실습2.cpp">
      <Filter>소스 파일\0314</Filter>
    </ClCompile>
    <ClCompile Include="0314-실습3.cpp">
      <Filter>소스 파일\0314</Filter>
    </ClCompile>
    <ClCompile Include="0314-실습4.cpp">
      <Filter>소스 파일\0314</Filter>
    </ClCompile>
    <ClCompile Include="0316.cpp">
      <Filter>소스 파일\0316</Filter>
    </ClCompile>
    <ClCompile Include="0316-실습1.cpp">
      <Filter>소스 파일\0316</Filter>
    </ClCompile>
    <ClCompile Include="0316-실습2.cpp">
      <Filter>소스 파일\0316</Filter>
    </ClCompile>
    <ClCompile Include="과제1.cpp">
      <Filter>소스 파일</Filter>
    </ClCompile>
  </ItemGroup>
</Project>