<?xml version="1.0" encoding="utf-8"?>
<Project ToolsVersion="4.0" xmlns="http://schemas.microsoft.com/developer/msbuild/2003">
  <ItemGroup>
    <Filter Include="소스 파일">
      <UniqueIdentifier>{4FC737F1-C7A5-4376-A066-2A32D752A2FF}</UniqueIdentifier>
      <Extensions>cpp;c;cc;cxx;c++;cppm;ixx;def;odl;idl;hpj;bat;asm;asmx</Extensions>
    </Filter>
    <Filter Include="헤더 파일">
      <UniqueIdentifier>{93995380-89BD-4b04-88EB-625FBE52EBFB}</UniqueIdentifier>
      <Extensions>h;hh;hpp;hxx;h++;hm;inl;inc;ipp;xsd</Extensions>
    </Filter>
    <Filter Include="리소스 파일">
      <UniqueIdentifier>{67DA6AB6-F800-4c08-8B7A-83BB121AAD01}</UniqueIdentifier>
      <Extensions>rc;ico;cur;bmp;dlg;rc2;rct;bin;rgs;gif;jpg;jpeg;jpe;resx;tiff;tif;png;wav;mfcribbon-ms</Extensions>
    </Filter>
    <Filter Include="소스 파일\0309">
      <UniqueIdentifier>{3132a438-245e-4a9a-b3f8-db9420470bc5}</UniqueIdentifier>
    </Filter>
    <Filter Include="소스 파일\0314">
      <UniqueIdentifier>{b6b27aaf-492c-42e4-a524-72a159f09efa}</UniqueIdentifier>
    </Filter>
    <Filter Include="소스 파일\0316">
      <UniqueIdentifier>{845e571c-7320-4767-8e7a-e4e965230e27}</UniqueIdentifier>
    </Filter>
    <Filter Include="소스 파일\0321">
      <UniqueIdentifier>{73309eb8-14fa-4e4e-bc73-348f1357d989}</UniqueIdentifier>
    </Filter>
    <Filter Include="소스 파일\0323">
      <UniqueIdentifier>{50328221-eb6a-4e37-8a06-bbc350ee9d4b}</UniqueIdentifier>
    </Filter>
    <Filter Include="소스 파일\0328">
      <UniqueIdentifier>{e75e67b2-fb39-47a8-90db-a68ca177071c}</UniqueIdentifier>
    </Filter>
    <Filter Include="소스 파일\0330">
      <UniqueIdentifier>{7193f356-10b9-42ac-95dc-afeb4a40fa38}</UniqueIdentifier>
    </Filter>
    <Filter Include="소스 파일\과제2">
      <UniqueIdentifier>{bbcb3dee-9484-4f32-be13-2d5102084193}</UniqueIdentifier>
    </Filter>
    <Filter Include="소스 파일\0404">
      <UniqueIdentifier>{2bab9823-fc5f-4301-8b1a-c06c0b51583f}</UniqueIdentifier>
    </Filter>
    <Filter Include="소스 파일\0406">
      <UniqueIdentifier>{6f6e9204-cdc4-4183-a77b-e149cc4594de}</UniqueIdentifier>
    </Filter>
    <Filter Include="소스 파일\0411">
      <UniqueIdentifier>{37f84918-1899-4e38-ac72-a56defaa253b}</UniqueIdentifier>
    </Filter>
    <Filter Include="소스 파일\0413">
      <UniqueIdentifier>{c73f86c0-5a2a-456c-9f92-f0b90562c103}</UniqueIdentifier>
    </Filter>
    <Filter Include="소스 파일\중간고사연습">
      <UniqueIdentifier>{f1f250c7-97c9-41a7-a3d9-285d4316d90a}</UniqueIdentifier>
    </Filter>
    <Filter Include="소스 파일\0418-과제풀이">
      <UniqueIdentifier>{8005f9dd-8d13-47fb-8e82-517fe3e94770}</UniqueIdentifier>
    </Filter>
    <Filter Include="소스 파일\과제4">
      <UniqueIdentifier>{957c421c-2073-4e30-a26d-61da3a1d11fe}</UniqueIdentifier>
    </Filter>
    <Filter Include="소스 파일\0427-Mouse Callback">
      <UniqueIdentifier>{652f4d80-59a8-48c9-a8a4-084e88652989}</UniqueIdentifier>
    </Filter>
    <Filter Include="소스 파일\0502-Image Warping">
      <UniqueIdentifier>{049c721d-b10d-4db5-93e4-1c182f6997ed}</UniqueIdentifier>
    </Filter>
    <Filter Include="소스 파일\0504-Image Warping">
      <UniqueIdentifier>{2afab986-c782-426e-a06c-e893c18f2778}</UniqueIdentifier>
    </Filter>
    <Filter Include="소스 파일\0509-Affine Transform">
      <UniqueIdentifier>{192cc7af-143e-4a4e-9673-9f9a2fe252fe}</UniqueIdentifier>
    </Filter>
    <Filter Include="소스 파일\0511-Affine Transform">
      <UniqueIdentifier>{e523ff18-300f-4f0f-b2a2-4544b4734e8e}</UniqueIdentifier>
    </Filter>
    <Filter Include="소스 파일\0516-interpolation">
      <UniqueIdentifier>{5575354d-cc14-49f9-955a-dd8ffef1da39}</UniqueIdentifier>
    </Filter>
    <Filter Include="소스 파일\0518-homography">
      <UniqueIdentifier>{85fb5e9f-0de0-48be-b100-cd35f3e3a08e}</UniqueIdentifier>
    </Filter>
    <Filter Include="소스 파일\0523-Cross Dissolve">
      <UniqueIdentifier>{feb96890-048e-4e76-857a-88c24de0fb7e}</UniqueIdentifier>
    </Filter>
    <Filter Include="소스 파일\0525-Image Morphing">
      <UniqueIdentifier>{9fe2367d-649c-4fe4-a1a4-3390d1388d13}</UniqueIdentifier>
    </Filter>
    <Filter Include="소스 파일\0530-Image Morphing">
      <UniqueIdentifier>{d39971f1-47a3-4fb9-8504-c553a1cd0e52}</UniqueIdentifier>
    </Filter>
    <Filter Include="소스 파일\0601-Image Morphing">
      <UniqueIdentifier>{8f91925f-1896-4326-8988-6e6443eb425a}</UniqueIdentifier>
    </Filter>
    <Filter Include="소스 파일\기말고사 연습">
      <UniqueIdentifier>{94e2b7b4-2eb1-404a-8baf-0b623615c926}</UniqueIdentifier>
    </Filter>
    <Filter Include="소스 파일\과제5">
      <UniqueIdentifier>{ca3caa9c-8dc2-4638-9c6f-41bfd996a83a}</UniqueIdentifier>
    </Filter>
    <Filter Include="소스 파일\0613-Image Matting">
      <UniqueIdentifier>{122bb2b1-58fd-43a2-8d10-de9652ced126}</UniqueIdentifier>
    </Filter>
  </ItemGroup>
  <ItemGroup>
    <ClCompile Include="helloCV.cpp">
      <Filter>소스 파일</Filter>
    </ClCompile>
    <ClCompile Include="0309.cpp">
      <Filter>소스 파일\0309</Filter>
    </ClCompile>
    <ClCompile Include="0309_실습1.cpp">
      <Filter>소스 파일\0309</Filter>
    </ClCompile>
    <ClCompile Include="0309_실습2.cpp">
      <Filter>소스 파일\0309</Filter>
    </ClCompile>
    <ClCompile Include="0309_실습3.cpp">
      <Filter>소스 파일\0309</Filter>
    </ClCompile>
    <ClCompile Include="0314.cpp">
      <Filter>소스 파일\0314</Filter>
    </ClCompile>
    <ClCompile Include="0314-실습1.cpp">
      <Filter>소스 파일\0314</Filter>
    </ClCompile>
    <ClCompile Include="0314-실습2.cpp">
      <Filter>소스 파일\0314</Filter>
    </ClCompile>
    <ClCompile Include="0314-실습3.cpp">
      <Filter>소스 파일\0314</Filter>
    </ClCompile>
    <ClCompile Include="0314-실습4.cpp">
      <Filter>소스 파일\0314</Filter>
    </ClCompile>
    <ClCompile Include="0316.cpp">
      <Filter>소스 파일\0316</Filter>
    </ClCompile>
    <ClCompile Include="0316-실습1.cpp">
      <Filter>소스 파일\0316</Filter>
    </ClCompile>
    <ClCompile Include="0316-실습2.cpp">
      <Filter>소스 파일\0316</Filter>
    </ClCompile>
    <ClCompile Include="과제1.cpp">
      <Filter>소스 파일</Filter>
    </ClCompile>
    <ClCompile Include="0321.cpp">
      <Filter>소스 파일\0321</Filter>
    </ClCompile>
    <ClCompile Include="0323.cpp">
      <Filter>소스 파일\0323</Filter>
    </ClCompile>
    <ClCompile Include="0328.cpp">
      <Filter>소스 파일\0328</Filter>
    </ClCompile>
    <ClCompile Include="0328-과제관련.cpp">
      <Filter>소스 파일\0328</Filter>
    </ClCompile>
    <ClCompile Include="0330.cpp">
      <Filter>소스 파일\0330</Filter>
    </ClCompile>
    <ClCompile Include="과제2Test.cpp">
      <Filter>소스 파일\과제2</Filter>
    </ClCompile>
    <ClCompile Include="과제2-템플릿매칭.cpp">
      <Filter>소스 파일\과제2</Filter>
    </ClCompile>
    <ClCompile Include="과제2-공백제거.cpp">
      <Filter>소스 파일\과제2</Filter>
    </ClCompile>
    <ClCompile Include="2차원배열.cpp">
      <Filter>소스 파일\과제2</Filter>
    </ClCompile>
    <ClCompile Include="0404-실습1.cpp">
      <Filter>소스 파일\0404</Filter>
    </ClCompile>
    <ClCompile Include="0404-실습2.cpp">
      <Filter>소스 파일\0404</Filter>
    </ClCompile>
    <ClCompile Include="0406-실습1.cpp">
      <Filter>소스 파일\0406</Filter>
    </ClCompile>
    <ClCompile Include="0406-Bilateral.cpp">
      <Filter>소스 파일\0406</Filter>
    </ClCompile>
    <ClCompile Include="과제3.cpp">
      <Filter>소스 파일</Filter>
    </ClCompile>
    <ClCompile Include="0411-경계법.cpp">
      <Filter>소스 파일\0411</Filter>
    </ClCompile>
    <ClCompile Include="0411-패턴법.cpp">
      <Filter>소스 파일\0411</Filter>
    </ClCompile>
    <ClCompile Include="0413.cpp">
      <Filter>소스 파일\0413</Filter>
    </ClCompile>
    <ClCompile Include="예제1.cpp">
      <Filter>소스 파일\중간고사연습</Filter>
    </ClCompile>
    <ClCompile Include="예제2.cpp">
      <Filter>소스 파일\중간고사연습</Filter>
    </ClCompile>
    <ClCompile Include="예제3.cpp">
      <Filter>소스 파일\중간고사연습</Filter>
    </ClCompile>
    <ClCompile Include="예제4.cpp">
      <Filter>소스 파일\중간고사연습</Filter>
    </ClCompile>
    <ClCompile Include="예제5.cpp">
      <Filter>소스 파일\중간고사연습</Filter>
    </ClCompile>
    <ClCompile Include="중간고사연습.cpp">
      <Filter>소스 파일\중간고사연습</Filter>
    </ClCompile>
    <ClCompile Include="cf연습.cpp">
      <Filter>소스 파일\중간고사연습</Filter>
    </ClCompile>
    <ClCompile Include="이미지 하프토닝 연습.cpp">
      <Filter>소스 파일\중간고사연습</Filter>
    </ClCompile>
    <ClCompile Include="0418-과제3풀이.cpp">
      <Filter>소스 파일\0418-과제풀이</Filter>
    </ClCompile>
    <ClCompile Include="0418-과제2풀이.cpp">
      <Filter>소스 파일\0418-과제풀이</Filter>
    </ClCompile>
    <ClCompile Include="이미지 필터링 연습.cpp">
      <Filter>소스 파일\중간고사연습</Filter>
    </ClCompile>
    <ClCompile Include="0427-마우스이벤트.cpp">
      <Filter>소스 파일\0427-Mouse Callback</Filter>
    </ClCompile>
    <ClCompile Include="0427-실습1.cpp">
      <Filter>소스 파일\0427-Mouse Callback</Filter>
    </ClCompile>
    <ClCompile Include="0427-실습2.cpp">
      <Filter>소스 파일\0427-Mouse Callback</Filter>
    </ClCompile>
    <ClCompile Include="그림판.cpp">
      <Filter>소스 파일</Filter>
    </ClCompile>
    <ClCompile Include="0502.cpp">
      <Filter>소스 파일\0502-Image Warping</Filter>
    </ClCompile>
    <ClCompile Include="과제4-Circle.cpp">
      <Filter>소스 파일\과제4</Filter>
    </ClCompile>
    <ClCompile Include="0504-행렬.cpp">
      <Filter>소스 파일\0504-Image Warping</Filter>
    </ClCompile>
    <ClCompile Include="과제4-Stroke.cpp">
      <Filter>소스 파일\과제4</Filter>
    </ClCompile>
    <ClCompile Include="0509.cpp">
      <Filter>소스 파일\0509-Affine Transform</Filter>
    </ClCompile>
    <ClCompile Include="과제4-Circle2.cpp">
      <Filter>소스 파일\과제4</Filter>
    </ClCompile>
    <ClCompile Include="0511.cpp">
      <Filter>소스 파일\0511-Affine Transform</Filter>
    </ClCompile>
    <ClCompile Include="0511-실습1.cpp">
      <Filter>소스 파일\0511-Affine Transform</Filter>
    </ClCompile>
    <ClCompile Include="0511-실습2.cpp">
      <Filter>소스 파일\0511-Affine Transform</Filter>
    </ClCompile>
    <ClCompile Include="과제4.cpp">
      <Filter>소스 파일\과제4</Filter>
    </ClCompile>
    <ClCompile Include="0516-interpolation.cpp">
      <Filter>소스 파일\0516-interpolation</Filter>
    </ClCompile>
    <ClCompile Include="0518-homography.cpp">
      <Filter>소스 파일\0518-homography</Filter>
    </ClCompile>
    <ClCompile Include="..\..\..\..\..\Downloads\MatrixInverse\MatrixInverse.cpp">
      <Filter>소스 파일\0518-homography</Filter>
    </ClCompile>
    <ClCompile Include="0523-CrossDissolve.cpp">
      <Filter>소스 파일\0523-Cross Dissolve</Filter>
    </ClCompile>
    <ClCompile Include="0525-ImageMorphing.cpp">
      <Filter>소스 파일\0525-Image Morphing</Filter>
    </ClCompile>
    <ClCompile Include="0530-ImageMorphing.cpp">
      <Filter>소스 파일\0530-Image Morphing</Filter>
    </ClCompile>
    <ClCompile Include="0601-ImageMorphing.cpp">
      <Filter>소스 파일\0601-Image Morphing</Filter>
    </ClCompile>
    <ClCompile Include="0601-과제풀이.cpp">
      <Filter>소스 파일\0601-Image Morphing</Filter>
    </ClCompile>
    <ClCompile Include="이미지워핑 연습.cpp">
      <Filter>소스 파일\기말고사 연습</Filter>
    </ClCompile>
    <ClCompile Include="이미지워핑with마우스콜백.cpp">
      <Filter>소스 파일\기말고사 연습</Filter>
    </ClCompile>
    <ClCompile Include="..\..\..\..\세종대학교\2학년 1학기 2023\멀티미디어 프로그래밍\HW5\StartingCode\main.cpp">
      <Filter>소스 파일\과제5</Filter>
    </ClCompile>
    <ClCompile Include="..\..\..\..\세종대학교\2학년 1학기 2023\멀티미디어 프로그래밍\HW5\StartingCode\MatrixInverse.cpp">
      <Filter>소스 파일\과제5</Filter>
    </ClCompile>
    <ClCompile Include="마우스콜백연습.cpp">
      <Filter>소스 파일\기말고사 연습</Filter>
    </ClCompile>
    <ClCompile Include="0613-ImageMatting.cpp">
      <Filter>소스 파일\0613-Image Matting</Filter>
    </ClCompile>
  </ItemGroup>
  <ItemGroup>
    <None Include="..\..\..\..\세종대학교\2학년 1학기 2023\멀티미디어 프로그래밍\중간고사 연습.pdf">
      <Filter>소스 파일\중간고사연습</Filter>
    </None>
  </ItemGroup>
  <ItemGroup>
    <ClInclude Include="..\..\..\..\..\Downloads\MatrixInverse\MatrixInverse.h">
      <Filter>소스 파일\0518-homography</Filter>
    </ClInclude>
    <ClInclude Include="..\..\..\..\세종대학교\2학년 1학기 2023\멀티미디어 프로그래밍\HW5\StartingCode\mat.h">
      <Filter>소스 파일\과제5</Filter>
    </ClInclude>
    <ClInclude Include="..\..\..\..\세종대학교\2학년 1학기 2023\멀티미디어 프로그래밍\HW5\StartingCode\MatrixInverse.h">
      <Filter>소스 파일\과제5</Filter>
    </ClInclude>
    <ClInclude Include="..\..\..\..\세종대학교\2학년 1학기 2023\멀티미디어 프로그래밍\HW5\StartingCode\vec.h">
      <Filter>소스 파일\과제5</Filter>
    </ClInclude>
  </ItemGroup>
</Project>